
Microsoft Visual Studio Solution File, Format Version 12.00
# Visual Studio Version 16
VisualStudioVersion = 16.0.32002.261
MinimumVisualStudioVersion = 10.0.40219.1
Project("{FAE04EC0-301F-11D3-BF4B-00C04F79EFBC}") = "my-books", "my-books\my-books.csproj", "{7484F7FF-9097-42AE-941C-F375536AF572}"
EndProject
Global
	GlobalSection(SolutionConfigurationPlatforms) = preSolution
		Debug|Any CPU = Debug|Any CPU
		Release|Any CPU = Release|Any CPU
	EndGlobalSection
	GlobalSection(ProjectConfigurationPlatforms) = postSolution
		{7484F7FF-9097-42AE-941C-F375536AF572}.Debug|Any CPU.ActiveCfg = Debug|Any CPU
		{7484F7FF-9097-42AE-941C-F375536AF572}.Debug|Any CPU.Build.0 = Debug|Any CPU
		{7484F7FF-9097-42AE-941C-F375536AF572}.Release|Any CPU.ActiveCfg = Release|Any CPU
		{7484F7FF-9097-42AE-941C-F375536AF572}.Release|Any CPU.Build.0 = Release|Any CPU
	EndGlobalSection
	GlobalSection(SolutionProperties) = preSolution
		HideSolutionNode = FALSE
	EndGlobalSection
	GlobalSection(ExtensibilityGlobals) = postSolution
		SolutionGuid = {4DFFCD54-EA1C-4995-8EBB-43471BD32699}
	EndGlobalSection
EndGlobal
